
Microsoft Visual Studio Solution File, Format Version 12.00
# Visual Studio Version 17
VisualStudioVersion = 17.8.34511.84
MinimumVisualStudioVersion = 10.0.40219.1
Project("{FAE04EC0-301F-11D3-BF4B-00C04F79EFBC}") = "Calculator", "Calculator\Calculator.csproj", "{77496AD8-89CD-4ADC-9059-45E86CF97394}"
EndProject
Global
	GlobalSection(SolutionConfigurationPlatforms) = preSolution
		Debug|Any CPU = Debug|Any CPU
		Release|Any CPU = Release|Any CPU
	EndGlobalSection
	GlobalSection(ProjectConfigurationPlatforms) = postSolution
		{77496AD8-89CD-4ADC-9059-45E86CF97394}.Debug|Any CPU.ActiveCfg = Debug|Any CPU
		{77496AD8-89CD-4ADC-9059-45E86CF97394}.Debug|Any CPU.Build.0 = Debug|Any CPU
		{77496AD8-89CD-4ADC-9059-45E86CF97394}.Release|Any CPU.ActiveCfg = Release|Any CPU
		{77496AD8-89CD-4ADC-9059-45E86CF97394}.Release|Any CPU.Build.0 = Release|Any CPU
	EndGlobalSection
	GlobalSection(SolutionProperties) = preSolution
		HideSolutionNode = FALSE
	EndGlobalSection
	GlobalSection(ExtensibilityGlobals) = postSolution
		SolutionGuid = {63CD180F-BAAE-40E7-A3FB-66FCE7292488}
	EndGlobalSection
EndGlobal
